<?xml version="1.0" encoding="utf-8"?>
<Project ToolsVersion="4.0" xmlns="http://schemas.microsoft.com/developer/msbuild/2003">
  <ItemGroup>
    <Filter Include="Source Files">
      <UniqueIdentifier>{4FC737F1-C7A5-4376-A066-2A32D752A2FF}</UniqueIdentifier>
      <Extensions>cpp;c;cc;cxx;c++;cppm;ixx;def;odl;idl;hpj;bat;asm;asmx</Extensions>
    </Filter>
    <Filter Include="Components">
      <UniqueIdentifier>{93995380-89BD-4b04-88EB-625FBE52EBFB}</UniqueIdentifier>
      <Extensions>h;hh;hpp;hxx;h++;hm;inl;inc;ipp;xsd</Extensions>
    </Filter>
    <Filter Include="inputs">
      <UniqueIdentifier>{67DA6AB6-F800-4c08-8B7A-83BB121AAD01}</UniqueIdentifier>
      <Extensions>rc;ico;cur;bmp;dlg;rc2;rct;bin;rgs;gif;jpg;jpeg;jpe;resx;tiff;tif;png;wav;mfcribbon-ms</Extensions>
    </Filter>
    <Filter Include="Events">
      <UniqueIdentifier>{17afddcd-aba0-4201-b6db-4f5406633b5c}</UniqueIdentifier>
    </Filter>
    <Filter Include="Level">
      <UniqueIdentifier>{efd31084-a97a-47ca-8b16-aaf930adc914}</UniqueIdentifier>
    </Filter>
    <Filter Include="Sound">
      <UniqueIdentifier>{2448d013-1110-4f69-989c-7ff2eeb905d3}</UniqueIdentifier>
    </Filter>
    <Filter Include="Prefabs">
      <UniqueIdentifier>{b58024ad-d790-4cf4-84be-489f09b69f17}</UniqueIdentifier>
    </Filter>
  </ItemGroup>
  <ItemGroup>
    <ClCompile Include="LivesDisplayComponent.cpp">
      <Filter>Components</Filter>
    </ClCompile>
    <ClCompile Include="ScoreDisplayComponent.cpp">
      <Filter>Components</Filter>
    </ClCompile>
    <ClCompile Include="CharacterComponent.cpp">
      <Filter>Components</Filter>
    </ClCompile>
    <ClCompile Include="GameCommands.cpp">
      <Filter>inputs</Filter>
    </ClCompile>
    <ClCompile Include="Pengo.cpp">
      <Filter>Source Files</Filter>
    </ClCompile>
    <ClCompile Include="PengoLevelLoader.cpp">
      <Filter>Level</Filter>
    </ClCompile>
    <ClCompile Include="PengoPlayer.cpp">
      <Filter>Prefabs</Filter>
    </ClCompile>
    <ClCompile Include="BlockComponent.cpp">
      <Filter>Components</Filter>
    </ClCompile>
  </ItemGroup>
  <ItemGroup>
    <ClInclude Include="LivesDisplayComponent.h">
      <Filter>Components</Filter>
    </ClInclude>
    <ClInclude Include="ScoreDisplayComponent.h">
      <Filter>Components</Filter>
    </ClInclude>
    <ClInclude Include="CharacterComponent.h">
      <Filter>Components</Filter>
    </ClInclude>
    <ClInclude Include="GameCommands.h">
      <Filter>inputs</Filter>
    </ClInclude>
    <ClInclude Include="Helpers.h">
      <Filter>Events</Filter>
    </ClInclude>
    <ClInclude Include="PengoLevelLoader.h">
      <Filter>Level</Filter>
    </ClInclude>
    <ClInclude Include="PengoSounds.h">
      <Filter>Sound</Filter>
    </ClInclude>
    <ClInclude Include="PengoPlayer.h">
      <Filter>Prefabs</Filter>
    </ClInclude>
    <ClInclude Include="BlockComponent.h">
      <Filter>Components</Filter>
    </ClInclude>
  </ItemGroup>
  <ItemGroup>
    <None Include="imgui.ini" />
  </ItemGroup>
</Project>