<?xml version="1.0" encoding="utf-8"?>
<Project ToolsVersion="4.0" xmlns="http://schemas.microsoft.com/developer/msbuild/2003">
  <ItemGroup>
    <Filter Include="Resource Files">
      <UniqueIdentifier>{67DA6AB6-F800-4c08-8B7A-83BB121AAD01}</UniqueIdentifier>
      <Extensions>rc;ico;cur;bmp;dlg;rc2;rct;bin;rgs;gif;jpg;jpeg;jpe;resx;tiff;tif;png;wav;mfcribbon-ms</Extensions>
    </Filter>
    <Filter Include="Engine Files">
      <UniqueIdentifier>{93995380-89BD-4b04-88EB-625FBE52EBFB}</UniqueIdentifier>
      <Extensions>h;hh;hpp;hxx;hm;inl;inc;xsd</Extensions>
    </Filter>
    <Filter Include="Engine Files\Components">
      <UniqueIdentifier>{62b87aeb-ba4d-4108-9174-aaddeafe9398}</UniqueIdentifier>
    </Filter>
    <Filter Include="Engine Files\ImGui">
      <UniqueIdentifier>{0b609393-0b48-40dc-8152-205996406fc5}</UniqueIdentifier>
    </Filter>
    <Filter Include="Engine Files\Input">
      <UniqueIdentifier>{9f663df4-0b4f-4e27-9223-2b54a5ae491d}</UniqueIdentifier>
    </Filter>
    <Filter Include="Engine Files\Managers">
      <UniqueIdentifier>{0383c05c-39b8-4f55-aa36-c3dafc949fab}</UniqueIdentifier>
    </Filter>
    <Filter Include="Engine Files\Events">
      <UniqueIdentifier>{bfef654e-3579-4694-b096-e6711ad563e1}</UniqueIdentifier>
    </Filter>
    <Filter Include="Engine Files\Helpers">
      <UniqueIdentifier>{078f2e28-d8ae-4a98-977e-8abe04043ac7}</UniqueIdentifier>
    </Filter>
    <Filter Include="Engine Files\ServiceManager">
      <UniqueIdentifier>{b8c9c924-e85e-404a-af59-040c1d880aaa}</UniqueIdentifier>
    </Filter>
    <Filter Include="Engine Files\Sound">
      <UniqueIdentifier>{acd0a21a-6be6-408a-bd53-4fa6917b2508}</UniqueIdentifier>
    </Filter>
    <Filter Include="Engine Files\State">
      <UniqueIdentifier>{3584cee6-5d64-456d-b9c9-474c0d7e1cce}</UniqueIdentifier>
    </Filter>
  </ItemGroup>
  <ItemGroup>
    <ClInclude Include="Singleton.h">
      <Filter>Engine Files</Filter>
    </ClInclude>
    <ClInclude Include="Renderer.h">
      <Filter>Engine Files</Filter>
    </ClInclude>
    <ClInclude Include="Texture2D.h">
      <Filter>Engine Files</Filter>
    </ClInclude>
    <ClInclude Include="Scene.h">
      <Filter>Engine Files</Filter>
    </ClInclude>
    <ClInclude Include="Font.h">
      <Filter>Engine Files</Filter>
    </ClInclude>
    <ClInclude Include="GameTime.h">
      <Filter>Engine Files</Filter>
    </ClInclude>
    <ClInclude Include="FPSComponent.h">
      <Filter>Engine Files\Components</Filter>
    </ClInclude>
    <ClInclude Include="BaseComponent.h">
      <Filter>Engine Files\Components</Filter>
    </ClInclude>
    <ClInclude Include="TextComponent.h">
      <Filter>Engine Files\Components</Filter>
    </ClInclude>
    <ClInclude Include="Transform.h">
      <Filter>Engine Files\Components</Filter>
    </ClInclude>
    <ClInclude Include="RenderComponent.h">
      <Filter>Engine Files\Components</Filter>
    </ClInclude>
    <ClInclude Include="GameObject.h">
      <Filter>Engine Files</Filter>
    </ClInclude>
    <ClInclude Include="InputManager.h">
      <Filter>Engine Files\Input</Filter>
    </ClInclude>
    <ClInclude Include="Command.h">
      <Filter>Engine Files\Input</Filter>
    </ClInclude>
    <ClInclude Include="XController.h">
      <Filter>Engine Files\Input</Filter>
    </ClInclude>
    <ClInclude Include="ResourceManager.h">
      <Filter>Engine Files\Managers</Filter>
    </ClInclude>
    <ClInclude Include="SceneManager.h">
      <Filter>Engine Files\Managers</Filter>
    </ClInclude>
    <ClInclude Include="Observer.h">
      <Filter>Engine Files\Events</Filter>
    </ClInclude>
    <ClInclude Include="Subject.h">
      <Filter>Engine Files\Events</Filter>
    </ClInclude>
    <ClInclude Include="Keyboard.h">
      <Filter>Engine Files\Input</Filter>
    </ClInclude>
    <ClInclude Include="JsonParser.h">
      <Filter>Engine Files\Helpers</Filter>
    </ClInclude>
    <ClInclude Include="ServiceManager.h">
      <Filter>Engine Files\ServiceManager</Filter>
    </ClInclude>
    <ClInclude Include="SoundSystem.h">
      <Filter>Engine Files\Sound</Filter>
    </ClInclude>
    <ClInclude Include="NullSoundSystem.h">
      <Filter>Engine Files\Sound</Filter>
    </ClInclude>
    <ClInclude Include="SDLSoundSystem.h">
      <Filter>Engine Files\Sound</Filter>
    </ClInclude>
    <ClInclude Include="SoundLoggerSystem.h">
      <Filter>Engine Files\Sound</Filter>
    </ClInclude>
    <ClInclude Include="Minigin.h">
      <Filter>Engine Files</Filter>
    </ClInclude>
    <ClInclude Include="CollisionManager.h">
      <Filter>Engine Files\Managers</Filter>
    </ClInclude>
    <ClInclude Include="ColliderComponent.h">
      <Filter>Engine Files\Components</Filter>
    </ClInclude>
    <ClInclude Include="RigidBody.h">
      <Filter>Engine Files\Components</Filter>
    </ClInclude>
    <ClInclude Include="BaseState.h">
      <Filter>Engine Files\State</Filter>
    </ClInclude>
    <ClInclude Include="StateMachine.h">
      <Filter>Engine Files\State</Filter>
    </ClInclude>
  </ItemGroup>
  <ItemGroup>
    <ClCompile Include="BaseComponent.cpp">
      <Filter>Engine Files\Components</Filter>
    </ClCompile>
    <ClCompile Include="FPSComponent.cpp">
      <Filter>Engine Files\Components</Filter>
    </ClCompile>
    <ClCompile Include="TextComponent.cpp">
      <Filter>Engine Files\Components</Filter>
    </ClCompile>
    <ClCompile Include="Transform.cpp">
      <Filter>Engine Files\Components</Filter>
    </ClCompile>
    <ClCompile Include="RenderComponent.cpp">
      <Filter>Engine Files\Components</Filter>
    </ClCompile>
    <ClCompile Include="..\3rdParty\imgui\imgui.cpp">
      <Filter>Engine Files\ImGui</Filter>
    </ClCompile>
    <ClCompile Include="..\3rdParty\imgui\imgui_demo.cpp">
      <Filter>Engine Files\ImGui</Filter>
    </ClCompile>
    <ClCompile Include="..\3rdParty\imgui\imgui_draw.cpp">
      <Filter>Engine Files\ImGui</Filter>
    </ClCompile>
    <ClCompile Include="..\3rdParty\imgui\backends\imgui_impl_opengl2.cpp">
      <Filter>Engine Files\ImGui</Filter>
    </ClCompile>
    <ClCompile Include="..\3rdParty\imgui\backends\imgui_impl_sdl2.cpp">
      <Filter>Engine Files\ImGui</Filter>
    </ClCompile>
    <ClCompile Include="..\3rdParty\imgui\imgui_plot.cpp">
      <Filter>Engine Files\ImGui</Filter>
    </ClCompile>
    <ClCompile Include="..\3rdParty\imgui\imgui_tables.cpp">
      <Filter>Engine Files\ImGui</Filter>
    </ClCompile>
    <ClCompile Include="..\3rdParty\imgui\imgui_widgets.cpp">
      <Filter>Engine Files\ImGui</Filter>
    </ClCompile>
    <ClCompile Include="Font.cpp">
      <Filter>Engine Files</Filter>
    </ClCompile>
    <ClCompile Include="GameObject.cpp">
      <Filter>Engine Files</Filter>
    </ClCompile>
    <ClCompile Include="Renderer.cpp">
      <Filter>Engine Files</Filter>
    </ClCompile>
    <ClCompile Include="Scene.cpp">
      <Filter>Engine Files</Filter>
    </ClCompile>
    <ClCompile Include="Texture2D.cpp">
      <Filter>Engine Files</Filter>
    </ClCompile>
    <ClCompile Include="GameTime.cpp">
      <Filter>Engine Files</Filter>
    </ClCompile>
    <ClCompile Include="InputManager.cpp">
      <Filter>Engine Files\Input</Filter>
    </ClCompile>
    <ClCompile Include="Command.cpp">
      <Filter>Engine Files\Input</Filter>
    </ClCompile>
    <ClCompile Include="XController.cpp">
      <Filter>Engine Files\Input</Filter>
    </ClCompile>
    <ClCompile Include="ResourceManager.cpp">
      <Filter>Engine Files\Managers</Filter>
    </ClCompile>
    <ClCompile Include="SceneManager.cpp">
      <Filter>Engine Files\Managers</Filter>
    </ClCompile>
    <ClCompile Include="Observer.cpp">
      <Filter>Engine Files\Events</Filter>
    </ClCompile>
    <ClCompile Include="Subject.cpp">
      <Filter>Engine Files\Events</Filter>
    </ClCompile>
    <ClCompile Include="Keyboard.cpp">
      <Filter>Engine Files\Input</Filter>
    </ClCompile>
    <ClCompile Include="ServiceManager.cpp">
      <Filter>Engine Files\ServiceManager</Filter>
    </ClCompile>
    <ClCompile Include="NullSoundSystem.cpp">
      <Filter>Engine Files\Sound</Filter>
    </ClCompile>
    <ClCompile Include="SDLSoundSystem.cpp">
      <Filter>Engine Files\Sound</Filter>
    </ClCompile>
    <ClCompile Include="SoundLoggerSystem.cpp">
      <Filter>Engine Files\Sound</Filter>
    </ClCompile>
    <ClCompile Include="Minigin.cpp" />
    <ClCompile Include="CollisionManager.cpp">
      <Filter>Engine Files\Managers</Filter>
    </ClCompile>
    <ClCompile Include="ColliderComponent.cpp">
      <Filter>Engine Files\Components</Filter>
    </ClCompile>
    <ClCompile Include="RigidBody.cpp">
      <Filter>Engine Files\Components</Filter>
    </ClCompile>
    <ClCompile Include="BaseState.cpp">
      <Filter>Engine Files\State</Filter>
    </ClCompile>
    <ClCompile Include="StateMachine.cpp">
      <Filter>Engine Files\State</Filter>
    </ClCompile>
  </ItemGroup>
  <ItemGroup>
    <None Include="ClassDiagram.cd" />
  </ItemGroup>
</Project>